
Microsoft Visual Studio Solution File, Format Version 12.00
# Visual Studio Version 17
VisualStudioVersion = 17.12.35707.178 d17.12
MinimumVisualStudioVersion = 10.0.40219.1
Project("{FAE04EC0-301F-11D3-BF4B-00C04F79EFBC}") = "ApiGateway", "ApiGateway\ApiGateway.csproj", "{29511DDB-2F6B-4CBE-8B9C-4A60C31E89EF}"
EndProject
Project("{FAE04EC0-301F-11D3-BF4B-00C04F79EFBC}") = "AuthServiceApi", "AuthServiceApi\AuthServiceApi.csproj", "{04B217EE-40D6-480A-8EFE-86580BF86DD4}"
EndProject
Project("{FAE04EC0-301F-11D3-BF4B-00C04F79EFBC}") = "UserServiceApi", "UserServiceApi\UserServiceApi.csproj", "{B797FE7C-EE5C-4F96-9BC6-0C317FCB0A41}"
EndProject
Project("{FAE04EC0-301F-11D3-BF4B-00C04F79EFBC}") = "EmployeeServiceApi", "EmployeeServiceApi\EmployeeServiceApi.csproj", "{A5AA9283-6ED2-49E0-8A21-1038D93B5765}"
EndProject
Project("{FAE04EC0-301F-11D3-BF4B-00C04F79EFBC}") = "UseApiGateway", "UseApiGateway\UseApiGateway.csproj", "{D33FD1CB-79B0-4986-89E0-9DA7C73D2B1F}"
EndProject
Global
	GlobalSection(SolutionConfigurationPlatforms) = preSolution
		Debug|Any CPU = Debug|Any CPU
		Release|Any CPU = Release|Any CPU
	EndGlobalSection
	GlobalSection(ProjectConfigurationPlatforms) = postSolution
		{29511DDB-2F6B-4CBE-8B9C-4A60C31E89EF}.Debug|Any CPU.ActiveCfg = Debug|Any CPU
		{29511DDB-2F6B-4CBE-8B9C-4A60C31E89EF}.Debug|Any CPU.Build.0 = Debug|Any CPU
		{29511DDB-2F6B-4CBE-8B9C-4A60C31E89EF}.Release|Any CPU.ActiveCfg = Release|Any CPU
		{29511DDB-2F6B-4CBE-8B9C-4A60C31E89EF}.Release|Any CPU.Build.0 = Release|Any CPU
		{04B217EE-40D6-480A-8EFE-86580BF86DD4}.Debug|Any CPU.ActiveCfg = Debug|Any CPU
		{04B217EE-40D6-480A-8EFE-86580BF86DD4}.Debug|Any CPU.Build.0 = Debug|Any CPU
		{04B217EE-40D6-480A-8EFE-86580BF86DD4}.Release|Any CPU.ActiveCfg = Release|Any CPU
		{04B217EE-40D6-480A-8EFE-86580BF86DD4}.Release|Any CPU.Build.0 = Release|Any CPU
		{B797FE7C-EE5C-4F96-9BC6-0C317FCB0A41}.Debug|Any CPU.ActiveCfg = Debug|Any CPU
		{B797FE7C-EE5C-4F96-9BC6-0C317FCB0A41}.Debug|Any CPU.Build.0 = Debug|Any CPU
		{B797FE7C-EE5C-4F96-9BC6-0C317FCB0A41}.Release|Any CPU.ActiveCfg = Release|Any CPU
		{B797FE7C-EE5C-4F96-9BC6-0C317FCB0A41}.Release|Any CPU.Build.0 = Release|Any CPU
		{A5AA9283-6ED2-49E0-8A21-1038D93B5765}.Debug|Any CPU.ActiveCfg = Debug|Any CPU
		{A5AA9283-6ED2-49E0-8A21-1038D93B5765}.Debug|Any CPU.Build.0 = Debug|Any CPU
		{A5AA9283-6ED2-49E0-8A21-1038D93B5765}.Release|Any CPU.ActiveCfg = Release|Any CPU
		{A5AA9283-6ED2-49E0-8A21-1038D93B5765}.Release|Any CPU.Build.0 = Release|Any CPU
		{D33FD1CB-79B0-4986-89E0-9DA7C73D2B1F}.Debug|Any CPU.ActiveCfg = Debug|Any CPU
		{D33FD1CB-79B0-4986-89E0-9DA7C73D2B1F}.Debug|Any CPU.Build.0 = Debug|Any CPU
		{D33FD1CB-79B0-4986-89E0-9DA7C73D2B1F}.Release|Any CPU.ActiveCfg = Release|Any CPU
		{D33FD1CB-79B0-4986-89E0-9DA7C73D2B1F}.Release|Any CPU.Build.0 = Release|Any CPU
	EndGlobalSection
	GlobalSection(SolutionProperties) = preSolution
		HideSolutionNode = FALSE
	EndGlobalSection
EndGlobal
